
Microsoft Visual Studio Solution File, Format Version 12.00
# Visual Studio 15
VisualStudioVersion = 15.0.28010.2041
MinimumVisualStudioVersion = 10.0.40219.1
Project("{FAE04EC0-301F-11D3-BF4B-00C04F79EFBC}") = "Todoer", "Todoer\Todoer.csproj", "{0B2BA1E5-0FBE-4C27-89EF-A4D1007EC55D}"
EndProject
Global
	GlobalSection(SolutionConfigurationPlatforms) = preSolution
		Debug|Any CPU = Debug|Any CPU
		Release|Any CPU = Release|Any CPU
	EndGlobalSection
	GlobalSection(ProjectConfigurationPlatforms) = postSolution
		{0B2BA1E5-0FBE-4C27-89EF-A4D1007EC55D}.Debug|Any CPU.ActiveCfg = Debug|Any CPU
		{0B2BA1E5-0FBE-4C27-89EF-A4D1007EC55D}.Debug|Any CPU.Build.0 = Debug|Any CPU
		{0B2BA1E5-0FBE-4C27-89EF-A4D1007EC55D}.Release|Any CPU.ActiveCfg = Release|Any CPU
		{0B2BA1E5-0FBE-4C27-89EF-A4D1007EC55D}.Release|Any CPU.Build.0 = Release|Any CPU
	EndGlobalSection
	GlobalSection(SolutionProperties) = preSolution
		HideSolutionNode = FALSE
	EndGlobalSection
	GlobalSection(ExtensibilityGlobals) = postSolution
		SolutionGuid = {A4E46215-FACD-4859-80FF-C758CE6E6E19}
	EndGlobalSection
EndGlobal
